
Microsoft Visual Studio Solution File, Format Version 12.00
# Visual Studio Version 16
VisualStudioVersion = 16.0.33328.57
MinimumVisualStudioVersion = 10.0.40219.1
Project("{FAE04EC0-301F-11D3-BF4B-00C04F79EFBC}") = "LogLevels", "LogLine\LogLevels.csproj", "{FA8E82E2-4304-4480-82A3-EAFB00D81635}"
EndProject
Project("{FAE04EC0-301F-11D3-BF4B-00C04F79EFBC}") = "Annalyn's Infiltration", "Annalyn's Infiltration\Annalyn's Infiltration.csproj", "{93B2AEBC-B4D3-41AE-AFF8-3F41D62604C5}"
EndProject
Global
	GlobalSection(SolutionConfigurationPlatforms) = preSolution
		Debug|Any CPU = Debug|Any CPU
		Release|Any CPU = Release|Any CPU
	EndGlobalSection
	GlobalSection(ProjectConfigurationPlatforms) = postSolution
		{FA8E82E2-4304-4480-82A3-EAFB00D81635}.Debug|Any CPU.ActiveCfg = Debug|Any CPU
		{FA8E82E2-4304-4480-82A3-EAFB00D81635}.Debug|Any CPU.Build.0 = Debug|Any CPU
		{FA8E82E2-4304-4480-82A3-EAFB00D81635}.Release|Any CPU.ActiveCfg = Release|Any CPU
		{FA8E82E2-4304-4480-82A3-EAFB00D81635}.Release|Any CPU.Build.0 = Release|Any CPU
		{93B2AEBC-B4D3-41AE-AFF8-3F41D62604C5}.Debug|Any CPU.ActiveCfg = Debug|Any CPU
		{93B2AEBC-B4D3-41AE-AFF8-3F41D62604C5}.Debug|Any CPU.Build.0 = Debug|Any CPU
		{93B2AEBC-B4D3-41AE-AFF8-3F41D62604C5}.Release|Any CPU.ActiveCfg = Release|Any CPU
		{93B2AEBC-B4D3-41AE-AFF8-3F41D62604C5}.Release|Any CPU.Build.0 = Release|Any CPU
	EndGlobalSection
	GlobalSection(SolutionProperties) = preSolution
		HideSolutionNode = FALSE
	EndGlobalSection
	GlobalSection(ExtensibilityGlobals) = postSolution
		SolutionGuid = {0C1E98AF-BB57-4687-9ECC-A5976C07B0FC}
	EndGlobalSection
EndGlobal
