
Microsoft Visual Studio Solution File, Format Version 12.00
# Visual Studio Version 17
VisualStudioVersion = 17.8.34330.188
MinimumVisualStudioVersion = 10.0.40219.1
Project("{FAE04EC0-301F-11D3-BF4B-00C04F79EFBC}") = "LogLevels", "LogLine\LogLevels.csproj", "{FA8E82E2-4304-4480-82A3-EAFB00D81635}"
EndProject
Project("{FAE04EC0-301F-11D3-BF4B-00C04F79EFBC}") = "Annalyn's Infiltration", "Annalyn's Infiltration\Annalyn's Infiltration.csproj", "{93B2AEBC-B4D3-41AE-AFF8-3F41D62604C5}"
EndProject
Project("{FAE04EC0-301F-11D3-BF4B-00C04F79EFBC}") = "Cars_Assemble", "Cars_Assemble\Cars_Assemble.csproj", "{28782321-6ED0-440B-B66E-B531BB5EEA97}"
EndProject
Project("{FAE04EC0-301F-11D3-BF4B-00C04F79EFBC}") = "Elon'sToys", "Elon'sToys\Elon'sToys.csproj", "{7C201CA5-033F-4ECC-81F0-DCCD4F64165B}"
EndProject
Project("{FAE04EC0-301F-11D3-BF4B-00C04F79EFBC}") = "BirdWatcher", "BirdWatcher\BirdWatcher.csproj", "{01C2C211-B9F0-4067-87A8-E3EE80BB806A}"
EndProject
Project("{FAE04EC0-301F-11D3-BF4B-00C04F79EFBC}") = "Squeaky Clean", "Squeaky Clean\Squeaky Clean.csproj", "{3B1B8C26-A379-4A47-81C2-F148C77D69F7}"
EndProject
Project("{FAE04EC0-301F-11D3-BF4B-00C04F79EFBC}") = "Booking up for Beauty", "Booking up for Beauty\Booking up for Beauty.csproj", "{BCDC060B-91CE-4889-810C-C7E5DF39EEAA}"
EndProject
Project("{FAE04EC0-301F-11D3-BF4B-00C04F79EFBC}") = "Interest_Is_Interesting", "Interest_Is_Interesting\Interest_Is_Interesting.csproj", "{A3524058-48FE-4D8D-AAF4-8BA6B01AB2C1}"
EndProject
Project("{FAE04EC0-301F-11D3-BF4B-00C04F79EFBC}") = "Need_For_Speed", "Need_For_Speed\Need_For_Speed.csproj", "{5E2569E9-56FE-40B4-BBF8-2B3C9FE0A954}"
EndProject
Global
	GlobalSection(SolutionConfigurationPlatforms) = preSolution
		Debug|Any CPU = Debug|Any CPU
		Release|Any CPU = Release|Any CPU
	EndGlobalSection
	GlobalSection(ProjectConfigurationPlatforms) = postSolution
		{FA8E82E2-4304-4480-82A3-EAFB00D81635}.Debug|Any CPU.ActiveCfg = Debug|Any CPU
		{FA8E82E2-4304-4480-82A3-EAFB00D81635}.Debug|Any CPU.Build.0 = Debug|Any CPU
		{FA8E82E2-4304-4480-82A3-EAFB00D81635}.Release|Any CPU.ActiveCfg = Release|Any CPU
		{FA8E82E2-4304-4480-82A3-EAFB00D81635}.Release|Any CPU.Build.0 = Release|Any CPU
		{93B2AEBC-B4D3-41AE-AFF8-3F41D62604C5}.Debug|Any CPU.ActiveCfg = Debug|Any CPU
		{93B2AEBC-B4D3-41AE-AFF8-3F41D62604C5}.Debug|Any CPU.Build.0 = Debug|Any CPU
		{93B2AEBC-B4D3-41AE-AFF8-3F41D62604C5}.Release|Any CPU.ActiveCfg = Release|Any CPU
		{93B2AEBC-B4D3-41AE-AFF8-3F41D62604C5}.Release|Any CPU.Build.0 = Release|Any CPU
		{28782321-6ED0-440B-B66E-B531BB5EEA97}.Debug|Any CPU.ActiveCfg = Debug|Any CPU
		{28782321-6ED0-440B-B66E-B531BB5EEA97}.Debug|Any CPU.Build.0 = Debug|Any CPU
		{28782321-6ED0-440B-B66E-B531BB5EEA97}.Release|Any CPU.ActiveCfg = Release|Any CPU
		{28782321-6ED0-440B-B66E-B531BB5EEA97}.Release|Any CPU.Build.0 = Release|Any CPU
		{7C201CA5-033F-4ECC-81F0-DCCD4F64165B}.Debug|Any CPU.ActiveCfg = Debug|Any CPU
		{7C201CA5-033F-4ECC-81F0-DCCD4F64165B}.Debug|Any CPU.Build.0 = Debug|Any CPU
		{7C201CA5-033F-4ECC-81F0-DCCD4F64165B}.Release|Any CPU.ActiveCfg = Release|Any CPU
		{7C201CA5-033F-4ECC-81F0-DCCD4F64165B}.Release|Any CPU.Build.0 = Release|Any CPU
		{01C2C211-B9F0-4067-87A8-E3EE80BB806A}.Debug|Any CPU.ActiveCfg = Debug|Any CPU
		{01C2C211-B9F0-4067-87A8-E3EE80BB806A}.Debug|Any CPU.Build.0 = Debug|Any CPU
		{01C2C211-B9F0-4067-87A8-E3EE80BB806A}.Release|Any CPU.ActiveCfg = Release|Any CPU
		{01C2C211-B9F0-4067-87A8-E3EE80BB806A}.Release|Any CPU.Build.0 = Release|Any CPU
		{3B1B8C26-A379-4A47-81C2-F148C77D69F7}.Debug|Any CPU.ActiveCfg = Debug|Any CPU
		{3B1B8C26-A379-4A47-81C2-F148C77D69F7}.Debug|Any CPU.Build.0 = Debug|Any CPU
		{3B1B8C26-A379-4A47-81C2-F148C77D69F7}.Release|Any CPU.ActiveCfg = Release|Any CPU
		{3B1B8C26-A379-4A47-81C2-F148C77D69F7}.Release|Any CPU.Build.0 = Release|Any CPU
		{BCDC060B-91CE-4889-810C-C7E5DF39EEAA}.Debug|Any CPU.ActiveCfg = Debug|Any CPU
		{BCDC060B-91CE-4889-810C-C7E5DF39EEAA}.Debug|Any CPU.Build.0 = Debug|Any CPU
		{BCDC060B-91CE-4889-810C-C7E5DF39EEAA}.Release|Any CPU.ActiveCfg = Release|Any CPU
		{BCDC060B-91CE-4889-810C-C7E5DF39EEAA}.Release|Any CPU.Build.0 = Release|Any CPU
		{A3524058-48FE-4D8D-AAF4-8BA6B01AB2C1}.Debug|Any CPU.ActiveCfg = Debug|Any CPU
		{A3524058-48FE-4D8D-AAF4-8BA6B01AB2C1}.Debug|Any CPU.Build.0 = Debug|Any CPU
		{A3524058-48FE-4D8D-AAF4-8BA6B01AB2C1}.Release|Any CPU.ActiveCfg = Release|Any CPU
		{A3524058-48FE-4D8D-AAF4-8BA6B01AB2C1}.Release|Any CPU.Build.0 = Release|Any CPU
		{5E2569E9-56FE-40B4-BBF8-2B3C9FE0A954}.Debug|Any CPU.ActiveCfg = Debug|Any CPU
		{5E2569E9-56FE-40B4-BBF8-2B3C9FE0A954}.Debug|Any CPU.Build.0 = Debug|Any CPU
		{5E2569E9-56FE-40B4-BBF8-2B3C9FE0A954}.Release|Any CPU.ActiveCfg = Release|Any CPU
		{5E2569E9-56FE-40B4-BBF8-2B3C9FE0A954}.Release|Any CPU.Build.0 = Release|Any CPU
	EndGlobalSection
	GlobalSection(SolutionProperties) = preSolution
		HideSolutionNode = FALSE
	EndGlobalSection
	GlobalSection(ExtensibilityGlobals) = postSolution
		SolutionGuid = {0C1E98AF-BB57-4687-9ECC-A5976C07B0FC}
	EndGlobalSection
EndGlobal
